// !$*UTF8*$!
{
	archiveVersion = 1;
	classes = {
	};
	objectVersion = 56;
	objects = {

/* Begin PBXBuildFile section */
		61126CD12977F636001F46A9 /* Date+Extensions.swift in Sources */ = {isa = PBXBuildFile; fileRef = 61126CD02977F636001F46A9 /* Date+Extensions.swift */; };
		61922B692976A68D0097D124 /* NavigationController.swift in Sources */ = {isa = PBXBuildFile; fileRef = 61922B682976A68D0097D124 /* NavigationController.swift */; };
		61922B6C2976A7A10097D124 /* UIColor+Extensions.swift in Sources */ = {isa = PBXBuildFile; fileRef = 61922B6B2976A7A10097D124 /* UIColor+Extensions.swift */; };
		61922B6E2976A8F90097D124 /* NoteCell.swift in Sources */ = {isa = PBXBuildFile; fileRef = 61922B6D2976A8F90097D124 /* NoteCell.swift */; };
		61922B712976AA940097D124 /* UIView+Extensions.swift in Sources */ = {isa = PBXBuildFile; fileRef = 61922B702976AA940097D124 /* UIView+Extensions.swift */; };
		61922B732976AC640097D124 /* NotesListView.swift in Sources */ = {isa = PBXBuildFile; fileRef = 61922B722976AC630097D124 /* NotesListView.swift */; };
		61922B752976ADFE0097D124 /* NoteView.swift in Sources */ = {isa = PBXBuildFile; fileRef = 61922B742976ADFE0097D124 /* NoteView.swift */; };
		61922B772976AF8E0097D124 /* NotesListController.swift in Sources */ = {isa = PBXBuildFile; fileRef = 61922B762976AF8E0097D124 /* NotesListController.swift */; };
		61922B792976B0160097D124 /* NotesListPresenter.swift in Sources */ = {isa = PBXBuildFile; fileRef = 61922B782976B0160097D124 /* NotesListPresenter.swift */; };
		61922B7B2976B2870097D124 /* NoteController.swift in Sources */ = {isa = PBXBuildFile; fileRef = 61922B7A2976B2870097D124 /* NoteController.swift */; };
		61922B7D2976B5F70097D124 /* NotePresenter.swift in Sources */ = {isa = PBXBuildFile; fileRef = 61922B7C2976B5F70097D124 /* NotePresenter.swift */; };
		61922B7F2976B8980097D124 /* CoreDataManager.swift in Sources */ = {isa = PBXBuildFile; fileRef = 61922B7E2976B8980097D124 /* CoreDataManager.swift */; };
		61B6AC0D28D1D7E8006A7D9C /* AppDelegate.swift in Sources */ = {isa = PBXBuildFile; fileRef = 61B6AC0C28D1D7E8006A7D9C /* AppDelegate.swift */; };
		61B6AC0F28D1D7E8006A7D9C /* SceneDelegate.swift in Sources */ = {isa = PBXBuildFile; fileRef = 61B6AC0E28D1D7E8006A7D9C /* SceneDelegate.swift */; };
		61B6AC1728D1D7E8006A7D9C /* SimpleNotes.xcdatamodeld in Sources */ = {isa = PBXBuildFile; fileRef = 61B6AC1528D1D7E8006A7D9C /* SimpleNotes.xcdatamodeld */; };
		61B6AC1928D1D7EB006A7D9C /* Assets.xcassets in Resources */ = {isa = PBXBuildFile; fileRef = 61B6AC1828D1D7EB006A7D9C /* Assets.xcassets */; };
/* End PBXBuildFile section */

/* Begin PBXFileReference section */
		61126CD02977F636001F46A9 /* Date+Extensions.swift */ = {isa = PBXFileReference; lastKnownFileType = sourcecode.swift; path = "Date+Extensions.swift"; sourceTree = "<group>"; };
		61922B682976A68D0097D124 /* NavigationController.swift */ = {isa = PBXFileReference; lastKnownFileType = sourcecode.swift; path = NavigationController.swift; sourceTree = "<group>"; };
		61922B6B2976A7A10097D124 /* UIColor+Extensions.swift */ = {isa = PBXFileReference; lastKnownFileType = sourcecode.swift; path = "UIColor+Extensions.swift"; sourceTree = "<group>"; };
		61922B6D2976A8F90097D124 /* NoteCell.swift */ = {isa = PBXFileReference; lastKnownFileType = sourcecode.swift; path = NoteCell.swift; sourceTree = "<group>"; };
		61922B702976AA940097D124 /* UIView+Extensions.swift */ = {isa = PBXFileReference; lastKnownFileType = sourcecode.swift; path = "UIView+Extensions.swift"; sourceTree = "<group>"; };
		61922B722976AC630097D124 /* NotesListView.swift */ = {isa = PBXFileReference; lastKnownFileType = sourcecode.swift; path = NotesListView.swift; sourceTree = "<group>"; };
		61922B742976ADFE0097D124 /* NoteView.swift */ = {isa = PBXFileReference; lastKnownFileType = sourcecode.swift; path = NoteView.swift; sourceTree = "<group>"; };
		61922B762976AF8E0097D124 /* NotesListController.swift */ = {isa = PBXFileReference; lastKnownFileType = sourcecode.swift; path = NotesListController.swift; sourceTree = "<group>"; };
		61922B782976B0160097D124 /* NotesListPresenter.swift */ = {isa = PBXFileReference; lastKnownFileType = sourcecode.swift; path = NotesListPresenter.swift; sourceTree = "<group>"; };
		61922B7A2976B2870097D124 /* NoteController.swift */ = {isa = PBXFileReference; lastKnownFileType = sourcecode.swift; path = NoteController.swift; sourceTree = "<group>"; };
		61922B7C2976B5F70097D124 /* NotePresenter.swift */ = {isa = PBXFileReference; lastKnownFileType = sourcecode.swift; path = NotePresenter.swift; sourceTree = "<group>"; };
		61922B7E2976B8980097D124 /* CoreDataManager.swift */ = {isa = PBXFileReference; lastKnownFileType = sourcecode.swift; path = CoreDataManager.swift; sourceTree = "<group>"; };
		61B6AC0928D1D7E8006A7D9C /* SimpleNotes.app */ = {isa = PBXFileReference; explicitFileType = wrapper.application; includeInIndex = 0; path = SimpleNotes.app; sourceTree = BUILT_PRODUCTS_DIR; };
		61B6AC0C28D1D7E8006A7D9C /* AppDelegate.swift */ = {isa = PBXFileReference; lastKnownFileType = sourcecode.swift; path = AppDelegate.swift; sourceTree = "<group>"; };
		61B6AC0E28D1D7E8006A7D9C /* SceneDelegate.swift */ = {isa = PBXFileReference; lastKnownFileType = sourcecode.swift; path = SceneDelegate.swift; sourceTree = "<group>"; };
		61B6AC1628D1D7E8006A7D9C /* SimpleNotes.xcdatamodel */ = {isa = PBXFileReference; lastKnownFileType = wrapper.xcdatamodel; path = SimpleNotes.xcdatamodel; sourceTree = "<group>"; };
		61B6AC1828D1D7EB006A7D9C /* Assets.xcassets */ = {isa = PBXFileReference; lastKnownFileType = folder.assetcatalog; path = Assets.xcassets; sourceTree = "<group>"; };
		61B6AC1D28D1D7EB006A7D9C /* Info.plist */ = {isa = PBXFileReference; lastKnownFileType = text.plist.xml; path = Info.plist; sourceTree = "<group>"; };
/* End PBXFileReference section */

/* Begin PBXFrameworksBuildPhase section */
		61B6AC0628D1D7E8006A7D9C /* Frameworks */ = {
			isa = PBXFrameworksBuildPhase;
			buildActionMask = 2147483647;
			files = (
			);
			runOnlyForDeploymentPostprocessing = 0;
		};
/* End PBXFrameworksBuildPhase section */

/* Begin PBXGroup section */
		61922B672976A6780097D124 /* Presenter */ = {
			isa = PBXGroup;
			children = (
				61922B782976B0160097D124 /* NotesListPresenter.swift */,
				61922B7C2976B5F70097D124 /* NotePresenter.swift */,
			);
			path = Presenter;
			sourceTree = "<group>";
		};
		61922B6A2976A78E0097D124 /* Helpers */ = {
			isa = PBXGroup;
			children = (
				61922B6B2976A7A10097D124 /* UIColor+Extensions.swift */,
				61922B702976AA940097D124 /* UIView+Extensions.swift */,
				61126CD02977F636001F46A9 /* Date+Extensions.swift */,
			);
			path = Helpers;
			sourceTree = "<group>";
		};
		61B6AC0028D1D7E8006A7D9C = {
			isa = PBXGroup;
			children = (
				61B6AC0B28D1D7E8006A7D9C /* SimpleNotes */,
				61B6AC0A28D1D7E8006A7D9C /* Products */,
			);
			sourceTree = "<group>";
		};
		61B6AC0A28D1D7E8006A7D9C /* Products */ = {
			isa = PBXGroup;
			children = (
				61B6AC0928D1D7E8006A7D9C /* SimpleNotes.app */,
			);
			name = Products;
			sourceTree = "<group>";
		};
		61B6AC0B28D1D7E8006A7D9C /* SimpleNotes */ = {
			isa = PBXGroup;
			children = (
				61B6AC2628D1D813006A7D9C /* Model */,
				61B6AC2528D1D80E006A7D9C /* View */,
				61B6AC2428D1D808006A7D9C /* Controller */,
				61922B672976A6780097D124 /* Presenter */,
				61B6AC2328D1D7FE006A7D9C /* Supporting Files */,
			);
			path = SimpleNotes;
			sourceTree = "<group>";
		};
		61B6AC2328D1D7FE006A7D9C /* Supporting Files */ = {
			isa = PBXGroup;
			children = (
				61922B6A2976A78E0097D124 /* Helpers */,
				61B6AC1828D1D7EB006A7D9C /* Assets.xcassets */,
				61B6AC1D28D1D7EB006A7D9C /* Info.plist */,
				61B6AC0C28D1D7E8006A7D9C /* AppDelegate.swift */,
				61B6AC0E28D1D7E8006A7D9C /* SceneDelegate.swift */,
			);
			path = "Supporting Files";
			sourceTree = "<group>";
		};
		61B6AC2428D1D808006A7D9C /* Controller */ = {
			isa = PBXGroup;
			children = (
				61922B682976A68D0097D124 /* NavigationController.swift */,
				61922B762976AF8E0097D124 /* NotesListController.swift */,
				61922B7A2976B2870097D124 /* NoteController.swift */,
			);
			path = Controller;
			sourceTree = "<group>";
		};
		61B6AC2528D1D80E006A7D9C /* View */ = {
			isa = PBXGroup;
			children = (
				61922B6D2976A8F90097D124 /* NoteCell.swift */,
				61922B722976AC630097D124 /* NotesListView.swift */,
				61922B742976ADFE0097D124 /* NoteView.swift */,
			);
			path = View;
			sourceTree = "<group>";
		};
		61B6AC2628D1D813006A7D9C /* Model */ = {
			isa = PBXGroup;
			children = (
				61B6AC1528D1D7E8006A7D9C /* SimpleNotes.xcdatamodeld */,
				61922B7E2976B8980097D124 /* CoreDataManager.swift */,
			);
			path = Model;
			sourceTree = "<group>";
		};
/* End PBXGroup section */

/* Begin PBXNativeTarget section */
		61B6AC0828D1D7E8006A7D9C /* SimpleNotes */ = {
			isa = PBXNativeTarget;
			buildConfigurationList = 61B6AC2028D1D7EB006A7D9C /* Build configuration list for PBXNativeTarget "SimpleNotes" */;
			buildPhases = (
				61B6AC0528D1D7E8006A7D9C /* Sources */,
				61B6AC0628D1D7E8006A7D9C /* Frameworks */,
				61B6AC0728D1D7E8006A7D9C /* Resources */,
				61F1E38C297FDB970032D3FA /* ShellScript */,
			);
			buildRules = (
			);
			dependencies = (
			);
			name = SimpleNotes;
			productName = SimpleNotes;
			productReference = 61B6AC0928D1D7E8006A7D9C /* SimpleNotes.app */;
			productType = "com.apple.product-type.application";
		};
/* End PBXNativeTarget section */

/* Begin PBXProject section */
		61B6AC0128D1D7E8006A7D9C /* Project object */ = {
			isa = PBXProject;
			attributes = {
				BuildIndependentTargetsInParallel = 1;
				LastSwiftUpdateCheck = 1400;
				LastUpgradeCheck = 1400;
				TargetAttributes = {
					61B6AC0828D1D7E8006A7D9C = {
						CreatedOnToolsVersion = 14.0;
					};
				};
			};
			buildConfigurationList = 61B6AC0428D1D7E8006A7D9C /* Build configuration list for PBXProject "SimpleNotes" */;
			compatibilityVersion = "Xcode 14.0";
			developmentRegion = en;
			hasScannedForEncodings = 0;
			knownRegions = (
				en,
				Base,
			);
			mainGroup = 61B6AC0028D1D7E8006A7D9C;
			productRefGroup = 61B6AC0A28D1D7E8006A7D9C /* Products */;
			projectDirPath = "";
			projectRoot = "";
			targets = (
				61B6AC0828D1D7E8006A7D9C /* SimpleNotes */,
			);
		};
/* End PBXProject section */

/* Begin PBXResourcesBuildPhase section */
		61B6AC0728D1D7E8006A7D9C /* Resources */ = {
			isa = PBXResourcesBuildPhase;
			buildActionMask = 2147483647;
			files = (
				61B6AC1928D1D7EB006A7D9C /* Assets.xcassets in Resources */,
			);
			runOnlyForDeploymentPostprocessing = 0;
		};
/* End PBXResourcesBuildPhase section */

/* Begin PBXShellScriptBuildPhase section */
		61F1E38C297FDB970032D3FA /* ShellScript */ = {
			isa = PBXShellScriptBuildPhase;
			alwaysOutOfDate = 1;
			buildActionMask = 2147483647;
			files = (
			);
			inputFileListPaths = (
			);
			inputPaths = (
			);
			outputFileListPaths = (
			);
			outputPaths = (
			);
			runOnlyForDeploymentPostprocessing = 0;
			shellPath = /bin/sh;
			shellScript = "if which swiftlint > /dev/null; then\n  swiftlint\nelse\n  echo \"warning: SwiftLint not installed, download from https://github.com/realm/SwiftLint\"\nfi\n";
		};
/* End PBXShellScriptBuildPhase section */

/* Begin PBXSourcesBuildPhase section */
		61B6AC0528D1D7E8006A7D9C /* Sources */ = {
			isa = PBXSourcesBuildPhase;
			buildActionMask = 2147483647;
			files = (
				61922B792976B0160097D124 /* NotesListPresenter.swift in Sources */,
				61922B692976A68D0097D124 /* NavigationController.swift in Sources */,
				61B6AC0D28D1D7E8006A7D9C /* AppDelegate.swift in Sources */,
				61B6AC0F28D1D7E8006A7D9C /* SceneDelegate.swift in Sources */,
				61922B7F2976B8980097D124 /* CoreDataManager.swift in Sources */,
				61126CD12977F636001F46A9 /* Date+Extensions.swift in Sources */,
				61922B772976AF8E0097D124 /* NotesListController.swift in Sources */,
				61922B7B2976B2870097D124 /* NoteController.swift in Sources */,
				61922B7D2976B5F70097D124 /* NotePresenter.swift in Sources */,
				61922B6E2976A8F90097D124 /* NoteCell.swift in Sources */,
				61922B6C2976A7A10097D124 /* UIColor+Extensions.swift in Sources */,
				61B6AC1728D1D7E8006A7D9C /* SimpleNotes.xcdatamodeld in Sources */,
				61922B752976ADFE0097D124 /* NoteView.swift in Sources */,
				61922B732976AC640097D124 /* NotesListView.swift in Sources */,
				61922B712976AA940097D124 /* UIView+Extensions.swift in Sources */,
			);
			runOnlyForDeploymentPostprocessing = 0;
		};
/* End PBXSourcesBuildPhase section */

/* Begin XCBuildConfiguration section */
		61B6AC1E28D1D7EB006A7D9C /* Debug */ = {
			isa = XCBuildConfiguration;
			buildSettings = {
				ALWAYS_SEARCH_USER_PATHS = NO;
				CLANG_ANALYZER_NONNULL = YES;
				CLANG_ANALYZER_NUMBER_OBJECT_CONVERSION = YES_AGGRESSIVE;
				CLANG_CXX_LANGUAGE_STANDARD = "gnu++20";
				CLANG_ENABLE_MODULES = YES;
				CLANG_ENABLE_OBJC_ARC = YES;
				CLANG_ENABLE_OBJC_WEAK = YES;
				CLANG_WARN_BLOCK_CAPTURE_AUTORELEASING = YES;
				CLANG_WARN_BOOL_CONVERSION = YES;
				CLANG_WARN_COMMA = YES;
				CLANG_WARN_CONSTANT_CONVERSION = YES;
				CLANG_WARN_DEPRECATED_OBJC_IMPLEMENTATIONS = YES;
				CLANG_WARN_DIRECT_OBJC_ISA_USAGE = YES_ERROR;
				CLANG_WARN_DOCUMENTATION_COMMENTS = YES;
				CLANG_WARN_EMPTY_BODY = YES;
				CLANG_WARN_ENUM_CONVERSION = YES;
				CLANG_WARN_INFINITE_RECURSION = YES;
				CLANG_WARN_INT_CONVERSION = YES;
				CLANG_WARN_NON_LITERAL_NULL_CONVERSION = YES;
				CLANG_WARN_OBJC_IMPLICIT_RETAIN_SELF = YES;
				CLANG_WARN_OBJC_LITERAL_CONVERSION = YES;
				CLANG_WARN_OBJC_ROOT_CLASS = YES_ERROR;
				CLANG_WARN_QUOTED_INCLUDE_IN_FRAMEWORK_HEADER = YES;
				CLANG_WARN_RANGE_LOOP_ANALYSIS = YES;
				CLANG_WARN_STRICT_PROTOTYPES = YES;
				CLANG_WARN_SUSPICIOUS_MOVE = YES;
				CLANG_WARN_UNGUARDED_AVAILABILITY = YES_AGGRESSIVE;
				CLANG_WARN_UNREACHABLE_CODE = YES;
				CLANG_WARN__DUPLICATE_METHOD_MATCH = YES;
				COPY_PHASE_STRIP = NO;
				DEBUG_INFORMATION_FORMAT = dwarf;
				ENABLE_STRICT_OBJC_MSGSEND = YES;
				ENABLE_TESTABILITY = YES;
				GCC_C_LANGUAGE_STANDARD = gnu11;
				GCC_DYNAMIC_NO_PIC = NO;
				GCC_NO_COMMON_BLOCKS = YES;
				GCC_OPTIMIZATION_LEVEL = 0;
				GCC_PREPROCESSOR_DEFINITIONS = (
					"DEBUG=1",
					"$(inherited)",
				);
				GCC_WARN_64_TO_32_BIT_CONVERSION = YES;
				GCC_WARN_ABOUT_RETURN_TYPE = YES_ERROR;
				GCC_WARN_UNDECLARED_SELECTOR = YES;
				GCC_WARN_UNINITIALIZED_AUTOS = YES_AGGRESSIVE;
				GCC_WARN_UNUSED_FUNCTION = YES;
				GCC_WARN_UNUSED_VARIABLE = YES;
				IPHONEOS_DEPLOYMENT_TARGET = 16.0;
				MTL_ENABLE_DEBUG_INFO = INCLUDE_SOURCE;
				MTL_FAST_MATH = YES;
				ONLY_ACTIVE_ARCH = YES;
				SDKROOT = iphoneos;
				SWIFT_ACTIVE_COMPILATION_CONDITIONS = DEBUG;
				SWIFT_OPTIMIZATION_LEVEL = "-Onone";
			};
			name = Debug;
		};
		61B6AC1F28D1D7EB006A7D9C /* Release */ = {
			isa = XCBuildConfiguration;
			buildSettings = {
				ALWAYS_SEARCH_USER_PATHS = NO;
				CLANG_ANALYZER_NONNULL = YES;
				CLANG_ANALYZER_NUMBER_OBJECT_CONVERSION = YES_AGGRESSIVE;
				CLANG_CXX_LANGUAGE_STANDARD = "gnu++20";
				CLANG_ENABLE_MODULES = YES;
				CLANG_ENABLE_OBJC_ARC = YES;
				CLANG_ENABLE_OBJC_WEAK = YES;
				CLANG_WARN_BLOCK_CAPTURE_AUTORELEASING = YES;
				CLANG_WARN_BOOL_CONVERSION = YES;
				CLANG_WARN_COMMA = YES;
				CLANG_WARN_CONSTANT_CONVERSION = YES;
				CLANG_WARN_DEPRECATED_OBJC_IMPLEMENTATIONS = YES;
				CLANG_WARN_DIRECT_OBJC_ISA_USAGE = YES_ERROR;
				CLANG_WARN_DOCUMENTATION_COMMENTS = YES;
				CLANG_WARN_EMPTY_BODY = YES;
				CLANG_WARN_ENUM_CONVERSION = YES;
				CLANG_WARN_INFINITE_RECURSION = YES;
				CLANG_WARN_INT_CONVERSION = YES;
				CLANG_WARN_NON_LITERAL_NULL_CONVERSION = YES;
				CLANG_WARN_OBJC_IMPLICIT_RETAIN_SELF = YES;
				CLANG_WARN_OBJC_LITERAL_CONVERSION = YES;
				CLANG_WARN_OBJC_ROOT_CLASS = YES_ERROR;
				CLANG_WARN_QUOTED_INCLUDE_IN_FRAMEWORK_HEADER = YES;
				CLANG_WARN_RANGE_LOOP_ANALYSIS = YES;
				CLANG_WARN_STRICT_PROTOTYPES = YES;
				CLANG_WARN_SUSPICIOUS_MOVE = YES;
				CLANG_WARN_UNGUARDED_AVAILABILITY = YES_AGGRESSIVE;
				CLANG_WARN_UNREACHABLE_CODE = YES;
				CLANG_WARN__DUPLICATE_METHOD_MATCH = YES;
				COPY_PHASE_STRIP = NO;
				DEBUG_INFORMATION_FORMAT = "dwarf-with-dsym";
				ENABLE_NS_ASSERTIONS = NO;
				ENABLE_STRICT_OBJC_MSGSEND = YES;
				GCC_C_LANGUAGE_STANDARD = gnu11;
				GCC_NO_COMMON_BLOCKS = YES;
				GCC_WARN_64_TO_32_BIT_CONVERSION = YES;
				GCC_WARN_ABOUT_RETURN_TYPE = YES_ERROR;
				GCC_WARN_UNDECLARED_SELECTOR = YES;
				GCC_WARN_UNINITIALIZED_AUTOS = YES_AGGRESSIVE;
				GCC_WARN_UNUSED_FUNCTION = YES;
				GCC_WARN_UNUSED_VARIABLE = YES;
				IPHONEOS_DEPLOYMENT_TARGET = 16.0;
				MTL_ENABLE_DEBUG_INFO = NO;
				MTL_FAST_MATH = YES;
				SDKROOT = iphoneos;
				SWIFT_COMPILATION_MODE = wholemodule;
				SWIFT_OPTIMIZATION_LEVEL = "-O";
				VALIDATE_PRODUCT = YES;
			};
			name = Release;
		};
		61B6AC2128D1D7EB006A7D9C /* Debug */ = {
			isa = XCBuildConfiguration;
			buildSettings = {
				ASSETCATALOG_COMPILER_APPICON_NAME = AppIcon;
				ASSETCATALOG_COMPILER_GLOBAL_ACCENT_COLOR_NAME = AccentColor;
				CODE_SIGN_STYLE = Automatic;
				CURRENT_PROJECT_VERSION = 1;
				DEVELOPMENT_TEAM = 7WTLW784B9;
				GENERATE_INFOPLIST_FILE = YES;
				INFOPLIST_FILE = "SimpleNotes/Supporting Files/Info.plist";
				INFOPLIST_KEY_UIApplicationSupportsIndirectInputEvents = YES;
				INFOPLIST_KEY_UILaunchStoryboardName = LaunchScreen;
				INFOPLIST_KEY_UISupportedInterfaceOrientations = UIInterfaceOrientationPortrait;
				INFOPLIST_KEY_UISupportedInterfaceOrientations_iPad = "UIInterfaceOrientationLandscapeLeft UIInterfaceOrientationLandscapeRight UIInterfaceOrientationPortrait UIInterfaceOrientationPortraitUpsideDown";
				IPHONEOS_DEPLOYMENT_TARGET = 15.5;
				LD_RUNPATH_SEARCH_PATHS = (
					"$(inherited)",
					"@executable_path/Frameworks",
				);
				MARKETING_VERSION = 1.0;
				PRODUCT_BUNDLE_IDENTIFIER = com.Ilya.SimpleNotes;
				PRODUCT_NAME = "$(TARGET_NAME)";
				SUPPORTED_PLATFORMS = "iphoneos iphonesimulator";
				SUPPORTS_MACCATALYST = NO;
				SUPPORTS_MAC_DESIGNED_FOR_IPHONE_IPAD = NO;
				SWIFT_EMIT_LOC_STRINGS = YES;
				SWIFT_VERSION = 5.0;
				TARGETED_DEVICE_FAMILY = 1;
			};
			name = Debug;
		};
		61B6AC2228D1D7EB006A7D9C /* Release */ = {
			isa = XCBuildConfiguration;
			buildSettings = {
				ASSETCATALOG_COMPILER_APPICON_NAME = AppIcon;
				ASSETCATALOG_COMPILER_GLOBAL_ACCENT_COLOR_NAME = AccentColor;
				CODE_SIGN_STYLE = Automatic;
				CURRENT_PROJECT_VERSION = 1;
				DEVELOPMENT_TEAM = 7WTLW784B9;
				GENERATE_INFOPLIST_FILE = YES;
				INFOPLIST_FILE = "SimpleNotes/Supporting Files/Info.plist";
				INFOPLIST_KEY_UIApplicationSupportsIndirectInputEvents = YES;
				INFOPLIST_KEY_UILaunchStoryboardName = LaunchScreen;
				INFOPLIST_KEY_UISupportedInterfaceOrientations = UIInterfaceOrientationPortrait;
				INFOPLIST_KEY_UISupportedInterfaceOrientations_iPad = "UIInterfaceOrientationLandscapeLeft UIInterfaceOrientationLandscapeRight UIInterfaceOrientationPortrait UIInterfaceOrientationPortraitUpsideDown";
				IPHONEOS_DEPLOYMENT_TARGET = 15.5;
				LD_RUNPATH_SEARCH_PATHS = (
					"$(inherited)",
					"@executable_path/Frameworks",
				);
				MARKETING_VERSION = 1.0;
				PRODUCT_BUNDLE_IDENTIFIER = com.Ilya.SimpleNotes;
				PRODUCT_NAME = "$(TARGET_NAME)";
				SUPPORTED_PLATFORMS = "iphoneos iphonesimulator";
				SUPPORTS_MACCATALYST = NO;
				SUPPORTS_MAC_DESIGNED_FOR_IPHONE_IPAD = NO;
				SWIFT_EMIT_LOC_STRINGS = YES;
				SWIFT_VERSION = 5.0;
				TARGETED_DEVICE_FAMILY = 1;
			};
			name = Release;
		};
/* End XCBuildConfiguration section */

/* Begin XCConfigurationList section */
		61B6AC0428D1D7E8006A7D9C /* Build configuration list for PBXProject "SimpleNotes" */ = {
			isa = XCConfigurationList;
			buildConfigurations = (
				61B6AC1E28D1D7EB006A7D9C /* Debug */,
				61B6AC1F28D1D7EB006A7D9C /* Release */,
			);
			defaultConfigurationIsVisible = 0;
			defaultConfigurationName = Release;
		};
		61B6AC2028D1D7EB006A7D9C /* Build configuration list for PBXNativeTarget "SimpleNotes" */ = {
			isa = XCConfigurationList;
			buildConfigurations = (
				61B6AC2128D1D7EB006A7D9C /* Debug */,
				61B6AC2228D1D7EB006A7D9C /* Release */,
			);
			defaultConfigurationIsVisible = 0;
			defaultConfigurationName = Release;
		};
/* End XCConfigurationList section */

/* Begin XCVersionGroup section */
		61B6AC1528D1D7E8006A7D9C /* SimpleNotes.xcdatamodeld */ = {
			isa = XCVersionGroup;
			children = (
				61B6AC1628D1D7E8006A7D9C /* SimpleNotes.xcdatamodel */,
			);
			currentVersion = 61B6AC1628D1D7E8006A7D9C /* SimpleNotes.xcdatamodel */;
			path = SimpleNotes.xcdatamodeld;
			sourceTree = "<group>";
			versionGroupType = wrapper.xcdatamodel;
		};
/* End XCVersionGroup section */
	};
	rootObject = 61B6AC0128D1D7E8006A7D9C /* Project object */;
}
